
Microsoft Visual Studio Solution File, Format Version 12.00
# Visual Studio Version 16
VisualStudioVersion = 16.0.30320.27
MinimumVisualStudioVersion = 10.0.40219.1
Project("{9A19103F-16F7-4668-BE54-9A1E7A4F7556}") = "MainGame", "MainGame\MainGame.csproj", "{8AC1DF3A-2AAC-421C-B33C-E4436F89B9D8}"
EndProject
Global
	GlobalSection(SolutionConfigurationPlatforms) = preSolution
		Debug|Any CPU = Debug|Any CPU
		Debug|x64 = Debug|x64
		Debug|x86 = Debug|x86
		Release|Any CPU = Release|Any CPU
		Release|x64 = Release|x64
		Release|x86 = Release|x86
	EndGlobalSection
	GlobalSection(ProjectConfigurationPlatforms) = postSolution
		{8AC1DF3A-2AAC-421C-B33C-E4436F89B9D8}.Debug|Any CPU.ActiveCfg = Debug|Any CPU
		{8AC1DF3A-2AAC-421C-B33C-E4436F89B9D8}.Debug|Any CPU.Build.0 = Debug|Any CPU
		{8AC1DF3A-2AAC-421C-B33C-E4436F89B9D8}.Debug|x64.ActiveCfg = Debug|Any CPU
		{8AC1DF3A-2AAC-421C-B33C-E4436F89B9D8}.Debug|x64.Build.0 = Debug|Any CPU
		{8AC1DF3A-2AAC-421C-B33C-E4436F89B9D8}.Debug|x86.ActiveCfg = Debug|Any CPU
		{8AC1DF3A-2AAC-421C-B33C-E4436F89B9D8}.Debug|x86.Build.0 = Debug|Any CPU
		{8AC1DF3A-2AAC-421C-B33C-E4436F89B9D8}.Release|Any CPU.ActiveCfg = Release|Any CPU
		{8AC1DF3A-2AAC-421C-B33C-E4436F89B9D8}.Release|Any CPU.Build.0 = Release|Any CPU
		{8AC1DF3A-2AAC-421C-B33C-E4436F89B9D8}.Release|x64.ActiveCfg = Release|Any CPU
		{8AC1DF3A-2AAC-421C-B33C-E4436F89B9D8}.Release|x64.Build.0 = Release|Any CPU
		{8AC1DF3A-2AAC-421C-B33C-E4436F89B9D8}.Release|x86.ActiveCfg = Release|Any CPU
		{8AC1DF3A-2AAC-421C-B33C-E4436F89B9D8}.Release|x86.Build.0 = Release|Any CPU
	EndGlobalSection
	GlobalSection(SolutionProperties) = preSolution
		HideSolutionNode = FALSE
	EndGlobalSection
	GlobalSection(ExtensibilityGlobals) = postSolution
		SolutionGuid = {BAE085E0-199D-4B78-BA5C-156CD5D2AEFF}
	EndGlobalSection
EndGlobal
